
Microsoft Visual Studio Solution File, Format Version 12.00
# Visual Studio 14
VisualStudioVersion = 14.0.24720.0
MinimumVisualStudioVersion = 10.0.40219.1
Project("{2150E333-8FDC-42A3-9474-1A3956D46DE8}") = "Solution Items", "Solution Items", "{533EE1E7-B498-488B-96C1-288B0DE9865B}"
	ProjectSection(SolutionItems) = preProject
		global.json = global.json
	EndProjectSection
EndProject
Project("{8BB2217D-0F2D-49D1-97BC-3654ED321F3B}") = "DeveloperNotes", "src\DeveloperNotes\DeveloperNotes.xproj", "{5DE31CE2-6208-47D6-B846-C6DFA724BFDB}"
EndProject
Global
	GlobalSection(SolutionConfigurationPlatforms) = preSolution
		Debug|Any CPU = Debug|Any CPU
		Release|Any CPU = Release|Any CPU
	EndGlobalSection
	GlobalSection(ProjectConfigurationPlatforms) = postSolution
		{5DE31CE2-6208-47D6-B846-C6DFA724BFDB}.Debug|Any CPU.ActiveCfg = Debug|Any CPU
		{5DE31CE2-6208-47D6-B846-C6DFA724BFDB}.Debug|Any CPU.Build.0 = Debug|Any CPU
		{5DE31CE2-6208-47D6-B846-C6DFA724BFDB}.Release|Any CPU.ActiveCfg = Release|Any CPU
		{5DE31CE2-6208-47D6-B846-C6DFA724BFDB}.Release|Any CPU.Build.0 = Release|Any CPU
	EndGlobalSection
	GlobalSection(SolutionProperties) = preSolution
		HideSolutionNode = FALSE
	EndGlobalSection
EndGlobal
